// !$*UTF8*$!
{
	archiveVersion = 1;
	classes = {
	};
	objectVersion = 46;
	objects = {

/* Begin PBXBuildFile section */
		E72D33091CE4DC8B00BCD805 /* PieGraphDemo.swift in Sources */ = {isa = PBXBuildFile; fileRef = E72D33081CE4DC8B00BCD805 /* PieGraphDemo.swift */; settings = {ASSET_TAGS = (); }; };
		E72D330B1CE6107F00BCD805 /* MeterGraphDemo.swift in Sources */ = {isa = PBXBuildFile; fileRef = E72D330A1CE6107F00BCD805 /* MeterGraphDemo.swift */; settings = {ASSET_TAGS = (); }; };
		E780D7921D182B0400581C19 /* BaseQuestionnaireViewController.swift in Sources */ = {isa = PBXBuildFile; fileRef = E780D7901D182B0400581C19 /* BaseQuestionnaireViewController.swift */; settings = {ASSET_TAGS = (); }; };
		E780D7931D182B0400581C19 /* BaseQuestionnaireViewController.xib in Resources */ = {isa = PBXBuildFile; fileRef = E780D7911D182B0400581C19 /* BaseQuestionnaireViewController.xib */; settings = {ASSET_TAGS = (); }; };
		E780D7951D19A48900581C19 /* ModalViewController.swift in Sources */ = {isa = PBXBuildFile; fileRef = E780D7941D19A48900581C19 /* ModalViewController.swift */; settings = {ASSET_TAGS = (); }; };
		E780D7971D19A4BD00581C19 /* CustomPresentationController.swift in Sources */ = {isa = PBXBuildFile; fileRef = E780D7961D19A4BD00581C19 /* CustomPresentationController.swift */; settings = {ASSET_TAGS = (); }; };
		E780D7991D1AC09B00581C19 /* CustomAnimatedTransitioning.swift in Sources */ = {isa = PBXBuildFile; fileRef = E780D7981D1AC09B00581C19 /* CustomAnimatedTransitioning.swift */; settings = {ASSET_TAGS = (); }; };
		E780D79B1D1AEDD200581C19 /* ModalViewController.xib in Resources */ = {isa = PBXBuildFile; fileRef = E780D79A1D1AEDD200581C19 /* ModalViewController.xib */; settings = {ASSET_TAGS = (); }; };
		E7AC39051D1B9BD600DEEEA3 /* Datacontent.swift in Sources */ = {isa = PBXBuildFile; fileRef = E7AC39041D1B9BD600DEEEA3 /* Datacontent.swift */; settings = {ASSET_TAGS = (); }; };
		E7AC39081D1D613400DEEEA3 /* lineUpModalViewController.swift in Sources */ = {isa = PBXBuildFile; fileRef = E7AC39061D1D613400DEEEA3 /* lineUpModalViewController.swift */; settings = {ASSET_TAGS = (); }; };
		E7AC39091D1D613400DEEEA3 /* lineUpModalViewController.xib in Resources */ = {isa = PBXBuildFile; fileRef = E7AC39071D1D613400DEEEA3 /* lineUpModalViewController.xib */; settings = {ASSET_TAGS = (); }; };
		E7CD25831CE0B94100F45609 /* AppDelegate.swift in Sources */ = {isa = PBXBuildFile; fileRef = E7CD25821CE0B94100F45609 /* AppDelegate.swift */; };
		E7CD25851CE0B94100F45609 /* ViewController.swift in Sources */ = {isa = PBXBuildFile; fileRef = E7CD25841CE0B94100F45609 /* ViewController.swift */; };
		E7CD258A1CE0B94100F45609 /* Assets.xcassets in Resources */ = {isa = PBXBuildFile; fileRef = E7CD25891CE0B94100F45609 /* Assets.xcassets */; };
		E7CD258D1CE0B94100F45609 /* LaunchScreen.storyboard in Resources */ = {isa = PBXBuildFile; fileRef = E7CD258B1CE0B94100F45609 /* LaunchScreen.storyboard */; };
		E7CD25981CE0B94100F45609 /* SampleQuestionnaireTests.swift in Sources */ = {isa = PBXBuildFile; fileRef = E7CD25971CE0B94100F45609 /* SampleQuestionnaireTests.swift */; };
		E7CD25A31CE0B94100F45609 /* SampleQuestionnaireUITests.swift in Sources */ = {isa = PBXBuildFile; fileRef = E7CD25A21CE0B94100F45609 /* SampleQuestionnaireUITests.swift */; };
		E7CD25B11CE2282300F45609 /* BaseQuestionnaireListViewController.swift in Sources */ = {isa = PBXBuildFile; fileRef = E7CD25B01CE2282300F45609 /* BaseQuestionnaireListViewController.swift */; settings = {ASSET_TAGS = (); }; };
		E7CD25B31CE2290200F45609 /* BaseQuestionnaireListViewController.xib in Resources */ = {isa = PBXBuildFile; fileRef = E7CD25B21CE2290200F45609 /* BaseQuestionnaireListViewController.xib */; settings = {ASSET_TAGS = (); }; };
		E7CD25B51CE22C6F00F45609 /* BaseQuestionnaireListCollectionViewCell.swift in Sources */ = {isa = PBXBuildFile; fileRef = E7CD25B41CE22C6F00F45609 /* BaseQuestionnaireListCollectionViewCell.swift */; settings = {ASSET_TAGS = (); }; };
		E7CD25B71CE22C7C00F45609 /* BaseQuestionnaireListCollectionViewCell.xib in Resources */ = {isa = PBXBuildFile; fileRef = E7CD25B61CE22C7C00F45609 /* BaseQuestionnaireListCollectionViewCell.xib */; settings = {ASSET_TAGS = (); }; };
		E7CD25BA1CE37DA900F45609 /* right.jpg in Resources */ = {isa = PBXBuildFile; fileRef = E7CD25B91CE37DA900F45609 /* right.jpg */; settings = {ASSET_TAGS = (); }; };
		E7CD25BC1CE37DB200F45609 /* left.jpg in Resources */ = {isa = PBXBuildFile; fileRef = E7CD25BB1CE37DB200F45609 /* left.jpg */; settings = {ASSET_TAGS = (); }; };
		E7EF044C1D1589A400530175 /* MainTabbarController.swift in Sources */ = {isa = PBXBuildFile; fileRef = E7EF044B1D1589A400530175 /* MainTabbarController.swift */; settings = {ASSET_TAGS = (); }; };
		E7EF044E1D15983700530175 /* UIColor.swift in Sources */ = {isa = PBXBuildFile; fileRef = E7EF044D1D15983700530175 /* UIColor.swift */; settings = {ASSET_TAGS = (); }; };
/* End PBXBuildFile section */

/* Begin PBXContainerItemProxy section */
		E7CD25941CE0B94100F45609 /* PBXContainerItemProxy */ = {
			isa = PBXContainerItemProxy;
			containerPortal = E7CD25771CE0B94100F45609 /* Project object */;
			proxyType = 1;
			remoteGlobalIDString = E7CD257E1CE0B94100F45609;
			remoteInfo = SampleQuestionnaire;
		};
		E7CD259F1CE0B94100F45609 /* PBXContainerItemProxy */ = {
			isa = PBXContainerItemProxy;
			containerPortal = E7CD25771CE0B94100F45609 /* Project object */;
			proxyType = 1;
			remoteGlobalIDString = E7CD257E1CE0B94100F45609;
			remoteInfo = SampleQuestionnaire;
		};
/* End PBXContainerItemProxy section */

/* Begin PBXFileReference section */
		E72D33081CE4DC8B00BCD805 /* PieGraphDemo.swift */ = {isa = PBXFileReference; fileEncoding = 4; lastKnownFileType = sourcecode.swift; path = PieGraphDemo.swift; sourceTree = "<group>"; };
		E72D330A1CE6107F00BCD805 /* MeterGraphDemo.swift */ = {isa = PBXFileReference; fileEncoding = 4; lastKnownFileType = sourcecode.swift; path = MeterGraphDemo.swift; sourceTree = "<group>"; };
		E780D7901D182B0400581C19 /* BaseQuestionnaireViewController.swift */ = {isa = PBXFileReference; fileEncoding = 4; lastKnownFileType = sourcecode.swift; path = BaseQuestionnaireViewController.swift; sourceTree = "<group>"; };
		E780D7911D182B0400581C19 /* BaseQuestionnaireViewController.xib */ = {isa = PBXFileReference; fileEncoding = 4; lastKnownFileType = file.xib; path = BaseQuestionnaireViewController.xib; sourceTree = "<group>"; };
		E780D7941D19A48900581C19 /* ModalViewController.swift */ = {isa = PBXFileReference; fileEncoding = 4; lastKnownFileType = sourcecode.swift; path = ModalViewController.swift; sourceTree = "<group>"; };
		E780D7961D19A4BD00581C19 /* CustomPresentationController.swift */ = {isa = PBXFileReference; fileEncoding = 4; lastKnownFileType = sourcecode.swift; path = CustomPresentationController.swift; sourceTree = "<group>"; };
		E780D7981D1AC09B00581C19 /* CustomAnimatedTransitioning.swift */ = {isa = PBXFileReference; fileEncoding = 4; lastKnownFileType = sourcecode.swift; path = CustomAnimatedTransitioning.swift; sourceTree = "<group>"; };
		E780D79A1D1AEDD200581C19 /* ModalViewController.xib */ = {isa = PBXFileReference; fileEncoding = 4; lastKnownFileType = file.xib; path = ModalViewController.xib; sourceTree = "<group>"; };
		E7AC39041D1B9BD600DEEEA3 /* Datacontent.swift */ = {isa = PBXFileReference; fileEncoding = 4; lastKnownFileType = sourcecode.swift; path = Datacontent.swift; sourceTree = "<group>"; };
		E7AC39061D1D613400DEEEA3 /* lineUpModalViewController.swift */ = {isa = PBXFileReference; fileEncoding = 4; lastKnownFileType = sourcecode.swift; path = lineUpModalViewController.swift; sourceTree = "<group>"; };
		E7AC39071D1D613400DEEEA3 /* lineUpModalViewController.xib */ = {isa = PBXFileReference; fileEncoding = 4; lastKnownFileType = file.xib; path = lineUpModalViewController.xib; sourceTree = "<group>"; };
		E7CD257F1CE0B94100F45609 /* SampleQuestionnaire.app */ = {isa = PBXFileReference; explicitFileType = wrapper.application; includeInIndex = 0; path = SampleQuestionnaire.app; sourceTree = BUILT_PRODUCTS_DIR; };
		E7CD25821CE0B94100F45609 /* AppDelegate.swift */ = {isa = PBXFileReference; lastKnownFileType = sourcecode.swift; path = AppDelegate.swift; sourceTree = "<group>"; };
		E7CD25841CE0B94100F45609 /* ViewController.swift */ = {isa = PBXFileReference; lastKnownFileType = sourcecode.swift; path = ViewController.swift; sourceTree = "<group>"; };
		E7CD25891CE0B94100F45609 /* Assets.xcassets */ = {isa = PBXFileReference; lastKnownFileType = folder.assetcatalog; path = Assets.xcassets; sourceTree = "<group>"; };
		E7CD258C1CE0B94100F45609 /* Base */ = {isa = PBXFileReference; lastKnownFileType = file.storyboard; name = Base; path = Base.lproj/LaunchScreen.storyboard; sourceTree = "<group>"; };
		E7CD258E1CE0B94100F45609 /* Info.plist */ = {isa = PBXFileReference; lastKnownFileType = text.plist.xml; path = Info.plist; sourceTree = "<group>"; };
		E7CD25931CE0B94100F45609 /* SampleQuestionnaireTests.xctest */ = {isa = PBXFileReference; explicitFileType = wrapper.cfbundle; includeInIndex = 0; path = SampleQuestionnaireTests.xctest; sourceTree = BUILT_PRODUCTS_DIR; };
		E7CD25971CE0B94100F45609 /* SampleQuestionnaireTests.swift */ = {isa = PBXFileReference; lastKnownFileType = sourcecode.swift; path = SampleQuestionnaireTests.swift; sourceTree = "<group>"; };
		E7CD25991CE0B94100F45609 /* Info.plist */ = {isa = PBXFileReference; lastKnownFileType = text.plist.xml; path = Info.plist; sourceTree = "<group>"; };
		E7CD259E1CE0B94100F45609 /* SampleQuestionnaireUITests.xctest */ = {isa = PBXFileReference; explicitFileType = wrapper.cfbundle; includeInIndex = 0; path = SampleQuestionnaireUITests.xctest; sourceTree = BUILT_PRODUCTS_DIR; };
		E7CD25A21CE0B94100F45609 /* SampleQuestionnaireUITests.swift */ = {isa = PBXFileReference; lastKnownFileType = sourcecode.swift; path = SampleQuestionnaireUITests.swift; sourceTree = "<group>"; };
		E7CD25A41CE0B94100F45609 /* Info.plist */ = {isa = PBXFileReference; lastKnownFileType = text.plist.xml; path = Info.plist; sourceTree = "<group>"; };
		E7CD25B01CE2282300F45609 /* BaseQuestionnaireListViewController.swift */ = {isa = PBXFileReference; fileEncoding = 4; lastKnownFileType = sourcecode.swift; path = BaseQuestionnaireListViewController.swift; sourceTree = "<group>"; };
		E7CD25B21CE2290200F45609 /* BaseQuestionnaireListViewController.xib */ = {isa = PBXFileReference; fileEncoding = 4; lastKnownFileType = file.xib; path = BaseQuestionnaireListViewController.xib; sourceTree = "<group>"; };
		E7CD25B41CE22C6F00F45609 /* BaseQuestionnaireListCollectionViewCell.swift */ = {isa = PBXFileReference; fileEncoding = 4; lastKnownFileType = sourcecode.swift; path = BaseQuestionnaireListCollectionViewCell.swift; sourceTree = "<group>"; };
		E7CD25B61CE22C7C00F45609 /* BaseQuestionnaireListCollectionViewCell.xib */ = {isa = PBXFileReference; fileEncoding = 4; lastKnownFileType = file.xib; path = BaseQuestionnaireListCollectionViewCell.xib; sourceTree = "<group>"; };
		E7CD25B91CE37DA900F45609 /* right.jpg */ = {isa = PBXFileReference; lastKnownFileType = image.jpeg; path = right.jpg; sourceTree = "<group>"; };
		E7CD25BB1CE37DB200F45609 /* left.jpg */ = {isa = PBXFileReference; lastKnownFileType = image.jpeg; path = left.jpg; sourceTree = "<group>"; };
		E7EF044B1D1589A400530175 /* MainTabbarController.swift */ = {isa = PBXFileReference; fileEncoding = 4; lastKnownFileType = sourcecode.swift; path = MainTabbarController.swift; sourceTree = "<group>"; };
		E7EF044D1D15983700530175 /* UIColor.swift */ = {isa = PBXFileReference; fileEncoding = 4; lastKnownFileType = sourcecode.swift; path = UIColor.swift; sourceTree = "<group>"; };
/* End PBXFileReference section */

/* Begin PBXFrameworksBuildPhase section */
		E7CD257C1CE0B94100F45609 /* Frameworks */ = {
			isa = PBXFrameworksBuildPhase;
			buildActionMask = 2147483647;
			files = (
			);
			runOnlyForDeploymentPostprocessing = 0;
		};
		E7CD25901CE0B94100F45609 /* Frameworks */ = {
			isa = PBXFrameworksBuildPhase;
			buildActionMask = 2147483647;
			files = (
			);
			runOnlyForDeploymentPostprocessing = 0;
		};
		E7CD259B1CE0B94100F45609 /* Frameworks */ = {
			isa = PBXFrameworksBuildPhase;
			buildActionMask = 2147483647;
			files = (
			);
			runOnlyForDeploymentPostprocessing = 0;
		};
/* End PBXFrameworksBuildPhase section */

/* Begin PBXGroup section */
		E7CD25761CE0B94100F45609 = {
			isa = PBXGroup;
			children = (
				E7CD25811CE0B94100F45609 /* SampleQuestionnaire */,
				E7CD25961CE0B94100F45609 /* SampleQuestionnaireTests */,
				E7CD25A11CE0B94100F45609 /* SampleQuestionnaireUITests */,
				E7CD25801CE0B94100F45609 /* Products */,
			);
			sourceTree = "<group>";
		};
		E7CD25801CE0B94100F45609 /* Products */ = {
			isa = PBXGroup;
			children = (
				E7CD257F1CE0B94100F45609 /* SampleQuestionnaire.app */,
				E7CD25931CE0B94100F45609 /* SampleQuestionnaireTests.xctest */,
				E7CD259E1CE0B94100F45609 /* SampleQuestionnaireUITests.xctest */,
			);
			name = Products;
			sourceTree = "<group>";
		};
		E7CD25811CE0B94100F45609 /* SampleQuestionnaire */ = {
			isa = PBXGroup;
			children = (
				E7CD25B81CE37D3300F45609 /* images */,
				E7CD25821CE0B94100F45609 /* AppDelegate.swift */,
				E7EF044D1D15983700530175 /* UIColor.swift */,
				E7CD25841CE0B94100F45609 /* ViewController.swift */,
				E7CD25891CE0B94100F45609 /* Assets.xcassets */,
				E7CD258B1CE0B94100F45609 /* LaunchScreen.storyboard */,
				E7CD258E1CE0B94100F45609 /* Info.plist */,
				E7CD25B01CE2282300F45609 /* BaseQuestionnaireListViewController.swift */,
				E7AC39041D1B9BD600DEEEA3 /* Datacontent.swift */,
				E780D7941D19A48900581C19 /* ModalViewController.swift */,
				E7AC39061D1D613400DEEEA3 /* lineUpModalViewController.swift */,
				E7AC39071D1D613400DEEEA3 /* lineUpModalViewController.xib */,
				E780D79A1D1AEDD200581C19 /* ModalViewController.xib */,
				E780D7961D19A4BD00581C19 /* CustomPresentationController.swift */,
				E780D7901D182B0400581C19 /* BaseQuestionnaireViewController.swift */,
				E780D7981D1AC09B00581C19 /* CustomAnimatedTransitioning.swift */,
				E780D7911D182B0400581C19 /* BaseQuestionnaireViewController.xib */,
				E7EF044B1D1589A400530175 /* MainTabbarController.swift */,
				E7CD25B21CE2290200F45609 /* BaseQuestionnaireListViewController.xib */,
				E7CD25B41CE22C6F00F45609 /* BaseQuestionnaireListCollectionViewCell.swift */,
				E7CD25B61CE22C7C00F45609 /* BaseQuestionnaireListCollectionViewCell.xib */,
				E72D33081CE4DC8B00BCD805 /* PieGraphDemo.swift */,
				E72D330A1CE6107F00BCD805 /* MeterGraphDemo.swift */,
			);
			path = SampleQuestionnaire;
			sourceTree = "<group>";
		};
		E7CD25961CE0B94100F45609 /* SampleQuestionnaireTests */ = {
			isa = PBXGroup;
			children = (
				E7CD25971CE0B94100F45609 /* SampleQuestionnaireTests.swift */,
				E7CD25991CE0B94100F45609 /* Info.plist */,
			);
			path = SampleQuestionnaireTests;
			sourceTree = "<group>";
		};
		E7CD25A11CE0B94100F45609 /* SampleQuestionnaireUITests */ = {
			isa = PBXGroup;
			children = (
				E7CD25A21CE0B94100F45609 /* SampleQuestionnaireUITests.swift */,
				E7CD25A41CE0B94100F45609 /* Info.plist */,
			);
			path = SampleQuestionnaireUITests;
			sourceTree = "<group>";
		};
		E7CD25B81CE37D3300F45609 /* images */ = {
			isa = PBXGroup;
			children = (
				E7CD25B91CE37DA900F45609 /* right.jpg */,
				E7CD25BB1CE37DB200F45609 /* left.jpg */,
			);
			name = images;
			sourceTree = "<group>";
		};
/* End PBXGroup section */

/* Begin PBXNativeTarget section */
		E7CD257E1CE0B94100F45609 /* SampleQuestionnaire */ = {
			isa = PBXNativeTarget;
			buildConfigurationList = E7CD25A71CE0B94100F45609 /* Build configuration list for PBXNativeTarget "SampleQuestionnaire" */;
			buildPhases = (
				E7CD257B1CE0B94100F45609 /* Sources */,
				E7CD257C1CE0B94100F45609 /* Frameworks */,
				E7CD257D1CE0B94100F45609 /* Resources */,
			);
			buildRules = (
			);
			dependencies = (
			);
			name = SampleQuestionnaire;
			productName = SampleQuestionnaire;
			productReference = E7CD257F1CE0B94100F45609 /* SampleQuestionnaire.app */;
			productType = "com.apple.product-type.application";
		};
		E7CD25921CE0B94100F45609 /* SampleQuestionnaireTests */ = {
			isa = PBXNativeTarget;
			buildConfigurationList = E7CD25AA1CE0B94100F45609 /* Build configuration list for PBXNativeTarget "SampleQuestionnaireTests" */;
			buildPhases = (
				E7CD258F1CE0B94100F45609 /* Sources */,
				E7CD25901CE0B94100F45609 /* Frameworks */,
				E7CD25911CE0B94100F45609 /* Resources */,
			);
			buildRules = (
			);
			dependencies = (
				E7CD25951CE0B94100F45609 /* PBXTargetDependency */,
			);
			name = SampleQuestionnaireTests;
			productName = SampleQuestionnaireTests;
			productReference = E7CD25931CE0B94100F45609 /* SampleQuestionnaireTests.xctest */;
			productType = "com.apple.product-type.bundle.unit-test";
		};
		E7CD259D1CE0B94100F45609 /* SampleQuestionnaireUITests */ = {
			isa = PBXNativeTarget;
			buildConfigurationList = E7CD25AD1CE0B94100F45609 /* Build configuration list for PBXNativeTarget "SampleQuestionnaireUITests" */;
			buildPhases = (
				E7CD259A1CE0B94100F45609 /* Sources */,
				E7CD259B1CE0B94100F45609 /* Frameworks */,
				E7CD259C1CE0B94100F45609 /* Resources */,
			);
			buildRules = (
			);
			dependencies = (
				E7CD25A01CE0B94100F45609 /* PBXTargetDependency */,
			);
			name = SampleQuestionnaireUITests;
			productName = SampleQuestionnaireUITests;
			productReference = E7CD259E1CE0B94100F45609 /* SampleQuestionnaireUITests.xctest */;
			productType = "com.apple.product-type.bundle.ui-testing";
		};
/* End PBXNativeTarget section */

/* Begin PBXProject section */
		E7CD25771CE0B94100F45609 /* Project object */ = {
			isa = PBXProject;
			attributes = {
				LastUpgradeCheck = 0700;
				ORGANIZATIONNAME = "矢野史洋";
				TargetAttributes = {
					E7CD257E1CE0B94100F45609 = {
						CreatedOnToolsVersion = 7.0.1;
						DevelopmentTeam = V9J9ZM6788;
					};
					E7CD25921CE0B94100F45609 = {
						CreatedOnToolsVersion = 7.0.1;
						DevelopmentTeam = V9J9ZM6788;
						TestTargetID = E7CD257E1CE0B94100F45609;
					};
					E7CD259D1CE0B94100F45609 = {
						CreatedOnToolsVersion = 7.0.1;
						DevelopmentTeam = V9J9ZM6788;
						TestTargetID = E7CD257E1CE0B94100F45609;
					};
				};
			};
			buildConfigurationList = E7CD257A1CE0B94100F45609 /* Build configuration list for PBXProject "SampleQuestionnaire" */;
			compatibilityVersion = "Xcode 3.2";
			developmentRegion = English;
			hasScannedForEncodings = 0;
			knownRegions = (
				en,
				Base,
			);
			mainGroup = E7CD25761CE0B94100F45609;
			productRefGroup = E7CD25801CE0B94100F45609 /* Products */;
			projectDirPath = "";
			projectRoot = "";
			targets = (
				E7CD257E1CE0B94100F45609 /* SampleQuestionnaire */,
				E7CD25921CE0B94100F45609 /* SampleQuestionnaireTests */,
				E7CD259D1CE0B94100F45609 /* SampleQuestionnaireUITests */,
			);
		};
/* End PBXProject section */

/* Begin PBXResourcesBuildPhase section */
		E7CD257D1CE0B94100F45609 /* Resources */ = {
			isa = PBXResourcesBuildPhase;
			buildActionMask = 2147483647;
			files = (
				E7CD258D1CE0B94100F45609 /* LaunchScreen.storyboard in Resources */,
				E7CD25BC1CE37DB200F45609 /* left.jpg in Resources */,
				E780D7931D182B0400581C19 /* BaseQuestionnaireViewController.xib in Resources */,
				E7CD25BA1CE37DA900F45609 /* right.jpg in Resources */,
				E780D79B1D1AEDD200581C19 /* ModalViewController.xib in Resources */,
				E7CD25B71CE22C7C00F45609 /* BaseQuestionnaireListCollectionViewCell.xib in Resources */,
				E7CD258A1CE0B94100F45609 /* Assets.xcassets in Resources */,
				E7CD25B31CE2290200F45609 /* BaseQuestionnaireListViewController.xib in Resources */,
				E7AC39091D1D613400DEEEA3 /* lineUpModalViewController.xib in Resources */,
			);
			runOnlyForDeploymentPostprocessing = 0;
		};
		E7CD25911CE0B94100F45609 /* Resources */ = {
			isa = PBXResourcesBuildPhase;
			buildActionMask = 2147483647;
			files = (
			);
			runOnlyForDeploymentPostprocessing = 0;
		};
		E7CD259C1CE0B94100F45609 /* Resources */ = {
			isa = PBXResourcesBuildPhase;
			buildActionMask = 2147483647;
			files = (
			);
			runOnlyForDeploymentPostprocessing = 0;
		};
/* End PBXResourcesBuildPhase section */

/* Begin PBXSourcesBuildPhase section */
		E7CD257B1CE0B94100F45609 /* Sources */ = {
			isa = PBXSourcesBuildPhase;
			buildActionMask = 2147483647;
			files = (
				E72D33091CE4DC8B00BCD805 /* PieGraphDemo.swift in Sources */,
				E7CD25851CE0B94100F45609 /* ViewController.swift in Sources */,
				E780D7971D19A4BD00581C19 /* CustomPresentationController.swift in Sources */,
				E7AC39081D1D613400DEEEA3 /* lineUpModalViewController.swift in Sources */,
				E780D7921D182B0400581C19 /* BaseQuestionnaireViewController.swift in Sources */,
				E72D330B1CE6107F00BCD805 /* MeterGraphDemo.swift in Sources */,
				E7CD25B51CE22C6F00F45609 /* BaseQuestionnaireListCollectionViewCell.swift in Sources */,
				E7CD25831CE0B94100F45609 /* AppDelegate.swift in Sources */,
				E780D7951D19A48900581C19 /* ModalViewController.swift in Sources */,
				E7EF044E1D15983700530175 /* UIColor.swift in Sources */,
				E780D7991D1AC09B00581C19 /* CustomAnimatedTransitioning.swift in Sources */,
				E7AC39051D1B9BD600DEEEA3 /* Datacontent.swift in Sources */,
				E7EF044C1D1589A400530175 /* MainTabbarController.swift in Sources */,
				E7CD25B11CE2282300F45609 /* BaseQuestionnaireListViewController.swift in Sources */,
			);
			runOnlyForDeploymentPostprocessing = 0;
		};
		E7CD258F1CE0B94100F45609 /* Sources */ = {
			isa = PBXSourcesBuildPhase;
			buildActionMask = 2147483647;
			files = (
				E7CD25981CE0B94100F45609 /* SampleQuestionnaireTests.swift in Sources */,
			);
			runOnlyForDeploymentPostprocessing = 0;
		};
		E7CD259A1CE0B94100F45609 /* Sources */ = {
			isa = PBXSourcesBuildPhase;
			buildActionMask = 2147483647;
			files = (
				E7CD25A31CE0B94100F45609 /* SampleQuestionnaireUITests.swift in Sources */,
			);
			runOnlyForDeploymentPostprocessing = 0;
		};
/* End PBXSourcesBuildPhase section */

/* Begin PBXTargetDependency section */
		E7CD25951CE0B94100F45609 /* PBXTargetDependency */ = {
			isa = PBXTargetDependency;
			target = E7CD257E1CE0B94100F45609 /* SampleQuestionnaire */;
			targetProxy = E7CD25941CE0B94100F45609 /* PBXContainerItemProxy */;
		};
		E7CD25A01CE0B94100F45609 /* PBXTargetDependency */ = {
			isa = PBXTargetDependency;
			target = E7CD257E1CE0B94100F45609 /* SampleQuestionnaire */;
			targetProxy = E7CD259F1CE0B94100F45609 /* PBXContainerItemProxy */;
		};
/* End PBXTargetDependency section */

/* Begin PBXVariantGroup section */
		E7CD258B1CE0B94100F45609 /* LaunchScreen.storyboard */ = {
			isa = PBXVariantGroup;
			children = (
				E7CD258C1CE0B94100F45609 /* Base */,
			);
			name = LaunchScreen.storyboard;
			sourceTree = "<group>";
		};
/* End PBXVariantGroup section */

/* Begin XCBuildConfiguration section */
		E7CD25A51CE0B94100F45609 /* Debug */ = {
			isa = XCBuildConfiguration;
			buildSettings = {
				ALWAYS_SEARCH_USER_PATHS = NO;
				CLANG_CXX_LANGUAGE_STANDARD = "gnu++0x";
				CLANG_CXX_LIBRARY = "libc++";
				CLANG_ENABLE_MODULES = YES;
				CLANG_ENABLE_OBJC_ARC = YES;
				CLANG_WARN_BOOL_CONVERSION = YES;
				CLANG_WARN_CONSTANT_CONVERSION = YES;
				CLANG_WARN_DIRECT_OBJC_ISA_USAGE = YES_ERROR;
				CLANG_WARN_EMPTY_BODY = YES;
				CLANG_WARN_ENUM_CONVERSION = YES;
				CLANG_WARN_INT_CONVERSION = YES;
				CLANG_WARN_OBJC_ROOT_CLASS = YES_ERROR;
				CLANG_WARN_UNREACHABLE_CODE = YES;
				CLANG_WARN__DUPLICATE_METHOD_MATCH = YES;
				"CODE_SIGN_IDENTITY[sdk=iphoneos*]" = "iPhone Developer";
				COPY_PHASE_STRIP = NO;
				DEBUG_INFORMATION_FORMAT = dwarf;
				ENABLE_STRICT_OBJC_MSGSEND = YES;
				ENABLE_TESTABILITY = YES;
				GCC_C_LANGUAGE_STANDARD = gnu99;
				GCC_DYNAMIC_NO_PIC = NO;
				GCC_NO_COMMON_BLOCKS = YES;
				GCC_OPTIMIZATION_LEVEL = 0;
				GCC_PREPROCESSOR_DEFINITIONS = (
					"DEBUG=1",
					"$(inherited)",
				);
				GCC_WARN_64_TO_32_BIT_CONVERSION = YES;
				GCC_WARN_ABOUT_RETURN_TYPE = YES_ERROR;
				GCC_WARN_UNDECLARED_SELECTOR = YES;
				GCC_WARN_UNINITIALIZED_AUTOS = YES_AGGRESSIVE;
				GCC_WARN_UNUSED_FUNCTION = YES;
				GCC_WARN_UNUSED_VARIABLE = YES;
				IPHONEOS_DEPLOYMENT_TARGET = 9.0;
				MTL_ENABLE_DEBUG_INFO = YES;
				ONLY_ACTIVE_ARCH = YES;
				SDKROOT = iphoneos;
				SWIFT_OPTIMIZATION_LEVEL = "-Onone";
				TARGETED_DEVICE_FAMILY = "1,2";
			};
			name = Debug;
		};
		E7CD25A61CE0B94100F45609 /* Release */ = {
			isa = XCBuildConfiguration;
			buildSettings = {
				ALWAYS_SEARCH_USER_PATHS = NO;
				CLANG_CXX_LANGUAGE_STANDARD = "gnu++0x";
				CLANG_CXX_LIBRARY = "libc++";
				CLANG_ENABLE_MODULES = YES;
				CLANG_ENABLE_OBJC_ARC = YES;
				CLANG_WARN_BOOL_CONVERSION = YES;
				CLANG_WARN_CONSTANT_CONVERSION = YES;
				CLANG_WARN_DIRECT_OBJC_ISA_USAGE = YES_ERROR;
				CLANG_WARN_EMPTY_BODY = YES;
				CLANG_WARN_ENUM_CONVERSION = YES;
				CLANG_WARN_INT_CONVERSION = YES;
				CLANG_WARN_OBJC_ROOT_CLASS = YES_ERROR;
				CLANG_WARN_UNREACHABLE_CODE = YES;
				CLANG_WARN__DUPLICATE_METHOD_MATCH = YES;
				"CODE_SIGN_IDENTITY[sdk=iphoneos*]" = "iPhone Developer";
				COPY_PHASE_STRIP = NO;
				DEBUG_INFORMATION_FORMAT = "dwarf-with-dsym";
				ENABLE_NS_ASSERTIONS = NO;
				ENABLE_STRICT_OBJC_MSGSEND = YES;
				GCC_C_LANGUAGE_STANDARD = gnu99;
				GCC_NO_COMMON_BLOCKS = YES;
				GCC_WARN_64_TO_32_BIT_CONVERSION = YES;
				GCC_WARN_ABOUT_RETURN_TYPE = YES_ERROR;
				GCC_WARN_UNDECLARED_SELECTOR = YES;
				GCC_WARN_UNINITIALIZED_AUTOS = YES_AGGRESSIVE;
				GCC_WARN_UNUSED_FUNCTION = YES;
				GCC_WARN_UNUSED_VARIABLE = YES;
				IPHONEOS_DEPLOYMENT_TARGET = 9.0;
				MTL_ENABLE_DEBUG_INFO = NO;
				SDKROOT = iphoneos;
				TARGETED_DEVICE_FAMILY = "1,2";
				VALIDATE_PRODUCT = YES;
			};
			name = Release;
		};
		E7CD25A81CE0B94100F45609 /* Debug */ = {
			isa = XCBuildConfiguration;
			buildSettings = {
				ASSETCATALOG_COMPILER_APPICON_NAME = AppIcon;
				CODE_SIGN_IDENTITY = "iPhone Developer";
				INFOPLIST_FILE = SampleQuestionnaire/Info.plist;
				LD_RUNPATH_SEARCH_PATHS = "$(inherited) @executable_path/Frameworks";
				PRODUCT_BUNDLE_IDENTIFIER = glooob.SampleQuestionnaire;
				PRODUCT_NAME = "$(TARGET_NAME)";
			};
			name = Debug;
		};
		E7CD25A91CE0B94100F45609 /* Release */ = {
			isa = XCBuildConfiguration;
			buildSettings = {
				ASSETCATALOG_COMPILER_APPICON_NAME = AppIcon;
				CODE_SIGN_IDENTITY = "iPhone Developer";
				INFOPLIST_FILE = SampleQuestionnaire/Info.plist;
				LD_RUNPATH_SEARCH_PATHS = "$(inherited) @executable_path/Frameworks";
				PRODUCT_BUNDLE_IDENTIFIER = glooob.SampleQuestionnaire;
				PRODUCT_NAME = "$(TARGET_NAME)";
			};
			name = Release;
		};
		E7CD25AB1CE0B94100F45609 /* Debug */ = {
			isa = XCBuildConfiguration;
			buildSettings = {
				BUNDLE_LOADER = "$(TEST_HOST)";
				INFOPLIST_FILE = SampleQuestionnaireTests/Info.plist;
				LD_RUNPATH_SEARCH_PATHS = "$(inherited) @executable_path/Frameworks @loader_path/Frameworks";
				PRODUCT_BUNDLE_IDENTIFIER = glooob.SampleQuestionnaireTests;
				PRODUCT_NAME = "$(TARGET_NAME)";
				TEST_HOST = "$(BUILT_PRODUCTS_DIR)/SampleQuestionnaire.app/SampleQuestionnaire";
			};
			name = Debug;
		};
		E7CD25AC1CE0B94100F45609 /* Release */ = {
			isa = XCBuildConfiguration;
			buildSettings = {
				BUNDLE_LOADER = "$(TEST_HOST)";
				INFOPLIST_FILE = SampleQuestionnaireTests/Info.plist;
				LD_RUNPATH_SEARCH_PATHS = "$(inherited) @executable_path/Frameworks @loader_path/Frameworks";
				PRODUCT_BUNDLE_IDENTIFIER = glooob.SampleQuestionnaireTests;
				PRODUCT_NAME = "$(TARGET_NAME)";
				TEST_HOST = "$(BUILT_PRODUCTS_DIR)/SampleQuestionnaire.app/SampleQuestionnaire";
			};
			name = Release;
		};
		E7CD25AE1CE0B94100F45609 /* Debug */ = {
			isa = XCBuildConfiguration;
			buildSettings = {
				INFOPLIST_FILE = SampleQuestionnaireUITests/Info.plist;
				LD_RUNPATH_SEARCH_PATHS = "$(inherited) @executable_path/Frameworks @loader_path/Frameworks";
				PRODUCT_BUNDLE_IDENTIFIER = glooob.SampleQuestionnaireUITests;
				PRODUCT_NAME = "$(TARGET_NAME)";
				TEST_TARGET_NAME = SampleQuestionnaire;
				USES_XCTRUNNER = YES;
			};
			name = Debug;
		};
		E7CD25AF1CE0B94100F45609 /* Release */ = {
			isa = XCBuildConfiguration;
			buildSettings = {
				INFOPLIST_FILE = SampleQuestionnaireUITests/Info.plist;
				LD_RUNPATH_SEARCH_PATHS = "$(inherited) @executable_path/Frameworks @loader_path/Frameworks";
				PRODUCT_BUNDLE_IDENTIFIER = glooob.SampleQuestionnaireUITests;
				PRODUCT_NAME = "$(TARGET_NAME)";
				TEST_TARGET_NAME = SampleQuestionnaire;
				USES_XCTRUNNER = YES;
			};
			name = Release;
		};
/* End XCBuildConfiguration section */

/* Begin XCConfigurationList section */
		E7CD257A1CE0B94100F45609 /* Build configuration list for PBXProject "SampleQuestionnaire" */ = {
			isa = XCConfigurationList;
			buildConfigurations = (
				E7CD25A51CE0B94100F45609 /* Debug */,
				E7CD25A61CE0B94100F45609 /* Release */,
			);
			defaultConfigurationIsVisible = 0;
			defaultConfigurationName = Release;
		};
		E7CD25A71CE0B94100F45609 /* Build configuration list for PBXNativeTarget "SampleQuestionnaire" */ = {
			isa = XCConfigurationList;
			buildConfigurations = (
				E7CD25A81CE0B94100F45609 /* Debug */,
				E7CD25A91CE0B94100F45609 /* Release */,
			);
			defaultConfigurationIsVisible = 0;
			defaultConfigurationName = Release;
		};
		E7CD25AA1CE0B94100F45609 /* Build configuration list for PBXNativeTarget "SampleQuestionnaireTests" */ = {
			isa = XCConfigurationList;
			buildConfigurations = (
				E7CD25AB1CE0B94100F45609 /* Debug */,
				E7CD25AC1CE0B94100F45609 /* Release */,
			);
			defaultConfigurationIsVisible = 0;
			defaultConfigurationName = Release;
		};
		E7CD25AD1CE0B94100F45609 /* Build configuration list for PBXNativeTarget "SampleQuestionnaireUITests" */ = {
			isa = XCConfigurationList;
			buildConfigurations = (
				E7CD25AE1CE0B94100F45609 /* Debug */,
				E7CD25AF1CE0B94100F45609 /* Release */,
			);
			defaultConfigurationIsVisible = 0;
			defaultConfigurationName = Release;
		};
/* End XCConfigurationList section */
	};
	rootObject = E7CD25771CE0B94100F45609 /* Project object */;
}
